
Microsoft Visual Studio Solution File, Format Version 11.00
# Visual Studio 2010
Project("{FAE04EC0-301F-11D3-BF4B-00C04F79EFBC}") = "SY.DAL", "SY.DAL\SY.DAL.csproj", "{5A991F26-D314-4A6C-B23B-D5AD48CEA9B2}"
EndProject
Project("{FAE04EC0-301F-11D3-BF4B-00C04F79EFBC}") = "SY.MODEL", "SY.MODEL\SY.MODEL.csproj", "{AC2939A3-EB01-442A-96CD-8815BF0334B2}"
EndProject
Project("{FAE04EC0-301F-11D3-BF4B-00C04F79EFBC}") = "HostService", "HostService\HostService.csproj", "{BB1E3DE7-66C9-4851-B32D-318BBE061F06}"
EndProject
Project("{FAE04EC0-301F-11D3-BF4B-00C04F79EFBC}") = "SY.Client", "SY.Client\SY.Client.csproj", "{1204E3F5-27C4-4BD1-983D-E011DA524F54}"
EndProject
Project("{FAE04EC0-301F-11D3-BF4B-00C04F79EFBC}") = "Test", "Test\Test.csproj", "{4304C31A-CEC1-49B5-9286-A5B95D42D875}"
EndProject
Global
	GlobalSection(SolutionConfigurationPlatforms) = preSolution
		Debug|Any CPU = Debug|Any CPU
		Debug|Mixed Platforms = Debug|Mixed Platforms
		Debug|x86 = Debug|x86
		Release|Any CPU = Release|Any CPU
		Release|Mixed Platforms = Release|Mixed Platforms
		Release|x86 = Release|x86
	EndGlobalSection
	GlobalSection(ProjectConfigurationPlatforms) = postSolution
		{5A991F26-D314-4A6C-B23B-D5AD48CEA9B2}.Debug|Any CPU.ActiveCfg = Debug|Any CPU
		{5A991F26-D314-4A6C-B23B-D5AD48CEA9B2}.Debug|Any CPU.Build.0 = Debug|Any CPU
		{5A991F26-D314-4A6C-B23B-D5AD48CEA9B2}.Debug|Mixed Platforms.ActiveCfg = Debug|Any CPU
		{5A991F26-D314-4A6C-B23B-D5AD48CEA9B2}.Debug|Mixed Platforms.Build.0 = Debug|Any CPU
		{5A991F26-D314-4A6C-B23B-D5AD48CEA9B2}.Debug|x86.ActiveCfg = Debug|Any CPU
		{5A991F26-D314-4A6C-B23B-D5AD48CEA9B2}.Release|Any CPU.ActiveCfg = Release|Any CPU
		{5A991F26-D314-4A6C-B23B-D5AD48CEA9B2}.Release|Any CPU.Build.0 = Release|Any CPU
		{5A991F26-D314-4A6C-B23B-D5AD48CEA9B2}.Release|Mixed Platforms.ActiveCfg = Release|Any CPU
		{5A991F26-D314-4A6C-B23B-D5AD48CEA9B2}.Release|Mixed Platforms.Build.0 = Release|Any CPU
		{5A991F26-D314-4A6C-B23B-D5AD48CEA9B2}.Release|x86.ActiveCfg = Release|Any CPU
		{AC2939A3-EB01-442A-96CD-8815BF0334B2}.Debug|Any CPU.ActiveCfg = Debug|Any CPU
		{AC2939A3-EB01-442A-96CD-8815BF0334B2}.Debug|Any CPU.Build.0 = Debug|Any CPU
		{AC2939A3-EB01-442A-96CD-8815BF0334B2}.Debug|Mixed Platforms.ActiveCfg = Debug|Any CPU
		{AC2939A3-EB01-442A-96CD-8815BF0334B2}.Debug|Mixed Platforms.Build.0 = Debug|Any CPU
		{AC2939A3-EB01-442A-96CD-8815BF0334B2}.Debug|x86.ActiveCfg = Debug|Any CPU
		{AC2939A3-EB01-442A-96CD-8815BF0334B2}.Release|Any CPU.ActiveCfg = Release|Any CPU
		{AC2939A3-EB01-442A-96CD-8815BF0334B2}.Release|Any CPU.Build.0 = Release|Any CPU
		{AC2939A3-EB01-442A-96CD-8815BF0334B2}.Release|Mixed Platforms.ActiveCfg = Release|Any CPU
		{AC2939A3-EB01-442A-96CD-8815BF0334B2}.Release|Mixed Platforms.Build.0 = Release|Any CPU
		{AC2939A3-EB01-442A-96CD-8815BF0334B2}.Release|x86.ActiveCfg = Release|Any CPU
		{BB1E3DE7-66C9-4851-B32D-318BBE061F06}.Debug|Any CPU.ActiveCfg = Debug|x86
		{BB1E3DE7-66C9-4851-B32D-318BBE061F06}.Debug|Mixed Platforms.ActiveCfg = Debug|x86
		{BB1E3DE7-66C9-4851-B32D-318BBE061F06}.Debug|Mixed Platforms.Build.0 = Debug|x86
		{BB1E3DE7-66C9-4851-B32D-318BBE061F06}.Debug|x86.ActiveCfg = Debug|x86
		{BB1E3DE7-66C9-4851-B32D-318BBE061F06}.Debug|x86.Build.0 = Debug|x86
		{BB1E3DE7-66C9-4851-B32D-318BBE061F06}.Release|Any CPU.ActiveCfg = Release|x86
		{BB1E3DE7-66C9-4851-B32D-318BBE061F06}.Release|Mixed Platforms.ActiveCfg = Release|x86
		{BB1E3DE7-66C9-4851-B32D-318BBE061F06}.Release|Mixed Platforms.Build.0 = Release|x86
		{BB1E3DE7-66C9-4851-B32D-318BBE061F06}.Release|x86.ActiveCfg = Release|x86
		{BB1E3DE7-66C9-4851-B32D-318BBE061F06}.Release|x86.Build.0 = Release|x86
		{1204E3F5-27C4-4BD1-983D-E011DA524F54}.Debug|Any CPU.ActiveCfg = Debug|x86
		{1204E3F5-27C4-4BD1-983D-E011DA524F54}.Debug|Mixed Platforms.ActiveCfg = Debug|x86
		{1204E3F5-27C4-4BD1-983D-E011DA524F54}.Debug|Mixed Platforms.Build.0 = Debug|x86
		{1204E3F5-27C4-4BD1-983D-E011DA524F54}.Debug|x86.ActiveCfg = Debug|x86
		{1204E3F5-27C4-4BD1-983D-E011DA524F54}.Debug|x86.Build.0 = Debug|x86
		{1204E3F5-27C4-4BD1-983D-E011DA524F54}.Release|Any CPU.ActiveCfg = Release|x86
		{1204E3F5-27C4-4BD1-983D-E011DA524F54}.Release|Mixed Platforms.ActiveCfg = Release|x86
		{1204E3F5-27C4-4BD1-983D-E011DA524F54}.Release|Mixed Platforms.Build.0 = Release|x86
		{1204E3F5-27C4-4BD1-983D-E011DA524F54}.Release|x86.ActiveCfg = Release|x86
		{1204E3F5-27C4-4BD1-983D-E011DA524F54}.Release|x86.Build.0 = Release|x86
		{4304C31A-CEC1-49B5-9286-A5B95D42D875}.Debug|Any CPU.ActiveCfg = Debug|x86
		{4304C31A-CEC1-49B5-9286-A5B95D42D875}.Debug|Mixed Platforms.ActiveCfg = Debug|x86
		{4304C31A-CEC1-49B5-9286-A5B95D42D875}.Debug|Mixed Platforms.Build.0 = Debug|x86
		{4304C31A-CEC1-49B5-9286-A5B95D42D875}.Debug|x86.ActiveCfg = Debug|x86
		{4304C31A-CEC1-49B5-9286-A5B95D42D875}.Debug|x86.Build.0 = Debug|x86
		{4304C31A-CEC1-49B5-9286-A5B95D42D875}.Release|Any CPU.ActiveCfg = Release|x86
		{4304C31A-CEC1-49B5-9286-A5B95D42D875}.Release|Mixed Platforms.ActiveCfg = Release|x86
		{4304C31A-CEC1-49B5-9286-A5B95D42D875}.Release|Mixed Platforms.Build.0 = Release|x86
		{4304C31A-CEC1-49B5-9286-A5B95D42D875}.Release|x86.ActiveCfg = Release|x86
		{4304C31A-CEC1-49B5-9286-A5B95D42D875}.Release|x86.Build.0 = Release|x86
	EndGlobalSection
	GlobalSection(SolutionProperties) = preSolution
		HideSolutionNode = FALSE
	EndGlobalSection
EndGlobal
